
Microsoft Visual Studio Solution File, Format Version 12.00
# Visual Studio Version 16
VisualStudioVersion = 16.0.31205.134
MinimumVisualStudioVersion = 10.0.40219.1
Project("{8BC9CEB8-8B4A-11D0-8D11-00A0C91BC942}") = "test_4-3", "test_4-3\test_4-3.vcxproj", "{6F7B40E4-CEEA-46BE-AB74-936FB8BEB88A}"
EndProject
Global
	GlobalSection(SolutionConfigurationPlatforms) = preSolution
		Debug|x64 = Debug|x64
		Debug|x86 = Debug|x86
		Release|x64 = Release|x64
		Release|x86 = Release|x86
	EndGlobalSection
	GlobalSection(ProjectConfigurationPlatforms) = postSolution
		{6F7B40E4-CEEA-46BE-AB74-936FB8BEB88A}.Debug|x64.ActiveCfg = Debug|x64
		{6F7B40E4-CEEA-46BE-AB74-936FB8BEB88A}.Debug|x64.Build.0 = Debug|x64
		{6F7B40E4-CEEA-46BE-AB74-936FB8BEB88A}.Debug|x86.ActiveCfg = Debug|Win32
		{6F7B40E4-CEEA-46BE-AB74-936FB8BEB88A}.Debug|x86.Build.0 = Debug|Win32
		{6F7B40E4-CEEA-46BE-AB74-936FB8BEB88A}.Release|x64.ActiveCfg = Release|x64
		{6F7B40E4-CEEA-46BE-AB74-936FB8BEB88A}.Release|x64.Build.0 = Release|x64
		{6F7B40E4-CEEA-46BE-AB74-936FB8BEB88A}.Release|x86.ActiveCfg = Release|Win32
		{6F7B40E4-CEEA-46BE-AB74-936FB8BEB88A}.Release|x86.Build.0 = Release|Win32
	EndGlobalSection
	GlobalSection(SolutionProperties) = preSolution
		HideSolutionNode = FALSE
	EndGlobalSection
	GlobalSection(ExtensibilityGlobals) = postSolution
		SolutionGuid = {2AF9541C-EC4E-4E36-96AC-D00C1BBADA98}
	EndGlobalSection
EndGlobal
