
Microsoft Visual Studio Solution File, Format Version 12.00
# Visual Studio Version 16
VisualStudioVersion = 16.0.31205.134
MinimumVisualStudioVersion = 10.0.40219.1
Project("{8BC9CEB8-8B4A-11D0-8D11-00A0C91BC942}") = "test_3-30", "test_3-30\test_3-30.vcxproj", "{B6D2CA0E-E913-4AB4-92E8-1227ADFE3468}"
EndProject
Global
	GlobalSection(SolutionConfigurationPlatforms) = preSolution
		Debug|x64 = Debug|x64
		Debug|x86 = Debug|x86
		Release|x64 = Release|x64
		Release|x86 = Release|x86
	EndGlobalSection
	GlobalSection(ProjectConfigurationPlatforms) = postSolution
		{B6D2CA0E-E913-4AB4-92E8-1227ADFE3468}.Debug|x64.ActiveCfg = Debug|x64
		{B6D2CA0E-E913-4AB4-92E8-1227ADFE3468}.Debug|x64.Build.0 = Debug|x64
		{B6D2CA0E-E913-4AB4-92E8-1227ADFE3468}.Debug|x86.ActiveCfg = Debug|Win32
		{B6D2CA0E-E913-4AB4-92E8-1227ADFE3468}.Debug|x86.Build.0 = Debug|Win32
		{B6D2CA0E-E913-4AB4-92E8-1227ADFE3468}.Release|x64.ActiveCfg = Release|x64
		{B6D2CA0E-E913-4AB4-92E8-1227ADFE3468}.Release|x64.Build.0 = Release|x64
		{B6D2CA0E-E913-4AB4-92E8-1227ADFE3468}.Release|x86.ActiveCfg = Release|Win32
		{B6D2CA0E-E913-4AB4-92E8-1227ADFE3468}.Release|x86.Build.0 = Release|Win32
	EndGlobalSection
	GlobalSection(SolutionProperties) = preSolution
		HideSolutionNode = FALSE
	EndGlobalSection
	GlobalSection(ExtensibilityGlobals) = postSolution
		SolutionGuid = {357E7D26-C729-405C-9E20-8336457CDFC3}
	EndGlobalSection
EndGlobal
