
Microsoft Visual Studio Solution File, Format Version 12.00
# Visual Studio Version 16
VisualStudioVersion = 16.0.31205.134
MinimumVisualStudioVersion = 10.0.40219.1
Project("{8BC9CEB8-8B4A-11D0-8D11-00A0C91BC942}") = "test_4-15", "test_4-15\test_4-15.vcxproj", "{0301C8AE-E89B-4BF0-9F29-C449A9BEE81D}"
EndProject
Global
	GlobalSection(SolutionConfigurationPlatforms) = preSolution
		Debug|x64 = Debug|x64
		Debug|x86 = Debug|x86
		Release|x64 = Release|x64
		Release|x86 = Release|x86
	EndGlobalSection
	GlobalSection(ProjectConfigurationPlatforms) = postSolution
		{0301C8AE-E89B-4BF0-9F29-C449A9BEE81D}.Debug|x64.ActiveCfg = Debug|x64
		{0301C8AE-E89B-4BF0-9F29-C449A9BEE81D}.Debug|x64.Build.0 = Debug|x64
		{0301C8AE-E89B-4BF0-9F29-C449A9BEE81D}.Debug|x86.ActiveCfg = Debug|Win32
		{0301C8AE-E89B-4BF0-9F29-C449A9BEE81D}.Debug|x86.Build.0 = Debug|Win32
		{0301C8AE-E89B-4BF0-9F29-C449A9BEE81D}.Release|x64.ActiveCfg = Release|x64
		{0301C8AE-E89B-4BF0-9F29-C449A9BEE81D}.Release|x64.Build.0 = Release|x64
		{0301C8AE-E89B-4BF0-9F29-C449A9BEE81D}.Release|x86.ActiveCfg = Release|Win32
		{0301C8AE-E89B-4BF0-9F29-C449A9BEE81D}.Release|x86.Build.0 = Release|Win32
	EndGlobalSection
	GlobalSection(SolutionProperties) = preSolution
		HideSolutionNode = FALSE
	EndGlobalSection
	GlobalSection(ExtensibilityGlobals) = postSolution
		SolutionGuid = {84C9E7AA-CCF2-4CC6-BDC0-E1D396E857CF}
	EndGlobalSection
EndGlobal
